
Microsoft Visual Studio Solution File, Format Version 12.00
# Visual Studio 14
VisualStudioVersion = 14.0.25420.1
MinimumVisualStudioVersion = 10.0.40219.1
Project("{FAE04EC0-301F-11D3-BF4B-00C04F79EFBC}") = "Twitter", "Twitter\Twitter.csproj", "{D9B18EF9-5AA4-426E-8484-B69B86BB7319}"
EndProject
Global
	GlobalSection(SolutionConfigurationPlatforms) = preSolution
		Debug|Any CPU = Debug|Any CPU
		Release|Any CPU = Release|Any CPU
	EndGlobalSection
	GlobalSection(ProjectConfigurationPlatforms) = postSolution
		{D9B18EF9-5AA4-426E-8484-B69B86BB7319}.Debug|Any CPU.ActiveCfg = Debug|Any CPU
		{D9B18EF9-5AA4-426E-8484-B69B86BB7319}.Debug|Any CPU.Build.0 = Debug|Any CPU
		{D9B18EF9-5AA4-426E-8484-B69B86BB7319}.Release|Any CPU.ActiveCfg = Release|Any CPU
		{D9B18EF9-5AA4-426E-8484-B69B86BB7319}.Release|Any CPU.Build.0 = Release|Any CPU
	EndGlobalSection
	GlobalSection(SolutionProperties) = preSolution
		HideSolutionNode = FALSE
	EndGlobalSection
EndGlobal
